
Microsoft Visual Studio Solution File, Format Version 12.00
# Visual Studio Version 17
VisualStudioVersion = 17.7.34221.43
MinimumVisualStudioVersion = 10.0.40219.1
Project("{FAE04EC0-301F-11D3-BF4B-00C04F79EFBC}") = "Map", "Map\Map.csproj", "{B641B4B4-C5C6-4A81-A058-301ED2064290}"
EndProject
Global
	GlobalSection(SolutionConfigurationPlatforms) = preSolution
		Debug|Any CPU = Debug|Any CPU
		Release|Any CPU = Release|Any CPU
	EndGlobalSection
	GlobalSection(ProjectConfigurationPlatforms) = postSolution
		{B641B4B4-C5C6-4A81-A058-301ED2064290}.Debug|Any CPU.ActiveCfg = Debug|Any CPU
		{B641B4B4-C5C6-4A81-A058-301ED2064290}.Debug|Any CPU.Build.0 = Debug|Any CPU
		{B641B4B4-C5C6-4A81-A058-301ED2064290}.Release|Any CPU.ActiveCfg = Release|Any CPU
		{B641B4B4-C5C6-4A81-A058-301ED2064290}.Release|Any CPU.Build.0 = Release|Any CPU
	EndGlobalSection
	GlobalSection(SolutionProperties) = preSolution
		HideSolutionNode = FALSE
	EndGlobalSection
	GlobalSection(ExtensibilityGlobals) = postSolution
		SolutionGuid = {1EAB8B47-DD17-4CB9-BEE6-54202D1F0519}
	EndGlobalSection
EndGlobal
